// !$*UTF8*$!
{
	archiveVersion = 1;
	classes = {
	};
	objectVersion = 50;
	objects = {

/* Begin PBXBuildFile section */
		412AA40826E6B3C7002248E6 /* ListRowItemView.swift in Sources */ = {isa = PBXBuildFile; fileRef = 412AA40726E6B3C7002248E6 /* ListRowItemView.swift */; };
		412AA40A26E6B55E002248E6 /* CheckboxStyle.swift in Sources */ = {isa = PBXBuildFile; fileRef = 412AA40926E6B55E002248E6 /* CheckboxStyle.swift */; };
		4133892326E670A000E43D3B /* DevoteApp.swift in Sources */ = {isa = PBXBuildFile; fileRef = 4133892226E670A000E43D3B /* DevoteApp.swift */; };
		4133892526E670A000E43D3B /* ContentView.swift in Sources */ = {isa = PBXBuildFile; fileRef = 4133892426E670A000E43D3B /* ContentView.swift */; };
		4133892726E670A100E43D3B /* Assets.xcassets in Resources */ = {isa = PBXBuildFile; fileRef = 4133892626E670A100E43D3B /* Assets.xcassets */; };
		4133892A26E670A100E43D3B /* Preview Assets.xcassets in Resources */ = {isa = PBXBuildFile; fileRef = 4133892926E670A100E43D3B /* Preview Assets.xcassets */; };
		4133892C26E670A100E43D3B /* Persistence.swift in Sources */ = {isa = PBXBuildFile; fileRef = 4133892B26E670A100E43D3B /* Persistence.swift */; };
		4133892F26E670A100E43D3B /* Devote.xcdatamodeld in Sources */ = {isa = PBXBuildFile; fileRef = 4133892D26E670A100E43D3B /* Devote.xcdatamodeld */; };
		4133893926E6712700E43D3B /* sound-tap.mp3 in Resources */ = {isa = PBXBuildFile; fileRef = 4133893626E6712700E43D3B /* sound-tap.mp3 */; };
		4133893A26E6712700E43D3B /* sound-rise.mp3 in Resources */ = {isa = PBXBuildFile; fileRef = 4133893726E6712700E43D3B /* sound-rise.mp3 */; };
		4133893B26E6712700E43D3B /* sound-ding.mp3 in Resources */ = {isa = PBXBuildFile; fileRef = 4133893826E6712700E43D3B /* sound-ding.mp3 */; };
		4133894A26E67C5E00E43D3B /* Constant.swift in Sources */ = {isa = PBXBuildFile; fileRef = 4133894926E67C5E00E43D3B /* Constant.swift */; };
		4133894C26E68D3300E43D3B /* HideKeyboardExtension.swift in Sources */ = {isa = PBXBuildFile; fileRef = 4133894B26E68D3300E43D3B /* HideKeyboardExtension.swift */; };
		4133894E26E68F0500E43D3B /* BackgroundImageView.swift in Sources */ = {isa = PBXBuildFile; fileRef = 4133894D26E68F0500E43D3B /* BackgroundImageView.swift */; };
		4133895026E68FA700E43D3B /* NewTaskItemView.swift in Sources */ = {isa = PBXBuildFile; fileRef = 4133894F26E68FA700E43D3B /* NewTaskItemView.swift */; };
		4133895226E6920900E43D3B /* BlankView.swift in Sources */ = {isa = PBXBuildFile; fileRef = 4133895126E6920900E43D3B /* BlankView.swift */; };
/* End PBXBuildFile section */

/* Begin PBXFileReference section */
		412AA40726E6B3C7002248E6 /* ListRowItemView.swift */ = {isa = PBXFileReference; lastKnownFileType = sourcecode.swift; path = ListRowItemView.swift; sourceTree = "<group>"; };
		412AA40926E6B55E002248E6 /* CheckboxStyle.swift */ = {isa = PBXFileReference; lastKnownFileType = sourcecode.swift; path = CheckboxStyle.swift; sourceTree = "<group>"; };
		4133891F26E670A000E43D3B /* Devote.app */ = {isa = PBXFileReference; explicitFileType = wrapper.application; includeInIndex = 0; path = Devote.app; sourceTree = BUILT_PRODUCTS_DIR; };
		4133892226E670A000E43D3B /* DevoteApp.swift */ = {isa = PBXFileReference; lastKnownFileType = sourcecode.swift; path = DevoteApp.swift; sourceTree = "<group>"; };
		4133892426E670A000E43D3B /* ContentView.swift */ = {isa = PBXFileReference; lastKnownFileType = sourcecode.swift; path = ContentView.swift; sourceTree = "<group>"; };
		4133892626E670A100E43D3B /* Assets.xcassets */ = {isa = PBXFileReference; lastKnownFileType = folder.assetcatalog; path = Assets.xcassets; sourceTree = "<group>"; };
		4133892926E670A100E43D3B /* Preview Assets.xcassets */ = {isa = PBXFileReference; lastKnownFileType = folder.assetcatalog; path = "Preview Assets.xcassets"; sourceTree = "<group>"; };
		4133892B26E670A100E43D3B /* Persistence.swift */ = {isa = PBXFileReference; lastKnownFileType = sourcecode.swift; path = Persistence.swift; sourceTree = "<group>"; };
		4133892E26E670A100E43D3B /* Devote.xcdatamodel */ = {isa = PBXFileReference; lastKnownFileType = wrapper.xcdatamodel; path = Devote.xcdatamodel; sourceTree = "<group>"; };
		4133893026E670A100E43D3B /* Info.plist */ = {isa = PBXFileReference; lastKnownFileType = text.plist.xml; path = Info.plist; sourceTree = "<group>"; };
		4133893626E6712700E43D3B /* sound-tap.mp3 */ = {isa = PBXFileReference; lastKnownFileType = audio.mp3; path = "sound-tap.mp3"; sourceTree = "<group>"; };
		4133893726E6712700E43D3B /* sound-rise.mp3 */ = {isa = PBXFileReference; lastKnownFileType = audio.mp3; path = "sound-rise.mp3"; sourceTree = "<group>"; };
		4133893826E6712700E43D3B /* sound-ding.mp3 */ = {isa = PBXFileReference; lastKnownFileType = audio.mp3; path = "sound-ding.mp3"; sourceTree = "<group>"; };
		4133894326E6768800E43D3B /* README.md */ = {isa = PBXFileReference; lastKnownFileType = net.daringfireball.markdown; path = README.md; sourceTree = "<group>"; };
		4133894926E67C5E00E43D3B /* Constant.swift */ = {isa = PBXFileReference; lastKnownFileType = sourcecode.swift; path = Constant.swift; sourceTree = "<group>"; };
		4133894B26E68D3300E43D3B /* HideKeyboardExtension.swift */ = {isa = PBXFileReference; lastKnownFileType = sourcecode.swift; path = HideKeyboardExtension.swift; sourceTree = "<group>"; };
		4133894D26E68F0500E43D3B /* BackgroundImageView.swift */ = {isa = PBXFileReference; lastKnownFileType = sourcecode.swift; path = BackgroundImageView.swift; sourceTree = "<group>"; };
		4133894F26E68FA700E43D3B /* NewTaskItemView.swift */ = {isa = PBXFileReference; lastKnownFileType = sourcecode.swift; path = NewTaskItemView.swift; sourceTree = "<group>"; };
		4133895126E6920900E43D3B /* BlankView.swift */ = {isa = PBXFileReference; lastKnownFileType = sourcecode.swift; path = BlankView.swift; sourceTree = "<group>"; };
/* End PBXFileReference section */

/* Begin PBXFrameworksBuildPhase section */
		4133891C26E670A000E43D3B /* Frameworks */ = {
			isa = PBXFrameworksBuildPhase;
			buildActionMask = 2147483647;
			files = (
			);
			runOnlyForDeploymentPostprocessing = 0;
		};
/* End PBXFrameworksBuildPhase section */

/* Begin PBXGroup section */
		4133891626E670A000E43D3B = {
			isa = PBXGroup;
			children = (
				4133894326E6768800E43D3B /* README.md */,
				4133892126E670A000E43D3B /* Devote */,
				4133892026E670A000E43D3B /* Products */,
			);
			sourceTree = "<group>";
		};
		4133892026E670A000E43D3B /* Products */ = {
			isa = PBXGroup;
			children = (
				4133891F26E670A000E43D3B /* Devote.app */,
			);
			name = Products;
			sourceTree = "<group>";
		};
		4133892126E670A000E43D3B /* Devote */ = {
			isa = PBXGroup;
			children = (
				4133893026E670A100E43D3B /* Info.plist */,
				4133892226E670A000E43D3B /* DevoteApp.swift */,
				4133892626E670A100E43D3B /* Assets.xcassets */,
				4133894126E6717900E43D3B /* Extension */,
				4133894226E6717F00E43D3B /* Model */,
				4133892826E670A100E43D3B /* Preview Content */,
				4133893D26E6714500E43D3B /* Sound */,
				4133894026E6717300E43D3B /* Style */,
				4133894826E67C4300E43D3B /* Util */,
				4133893F26E6716600E43D3B /* View */,
			);
			path = Devote;
			sourceTree = "<group>";
		};
		4133892826E670A100E43D3B /* Preview Content */ = {
			isa = PBXGroup;
			children = (
				4133892926E670A100E43D3B /* Preview Assets.xcassets */,
			);
			path = "Preview Content";
			sourceTree = "<group>";
		};
		4133893D26E6714500E43D3B /* Sound */ = {
			isa = PBXGroup;
			children = (
				4133893826E6712700E43D3B /* sound-ding.mp3 */,
				4133893726E6712700E43D3B /* sound-rise.mp3 */,
				4133893626E6712700E43D3B /* sound-tap.mp3 */,
			);
			path = Sound;
			sourceTree = "<group>";
		};
		4133893F26E6716600E43D3B /* View */ = {
			isa = PBXGroup;
			children = (
				4133894D26E68F0500E43D3B /* BackgroundImageView.swift */,
				4133895126E6920900E43D3B /* BlankView.swift */,
				4133892426E670A000E43D3B /* ContentView.swift */,
				412AA40726E6B3C7002248E6 /* ListRowItemView.swift */,
				4133894F26E68FA700E43D3B /* NewTaskItemView.swift */,
			);
			path = View;
			sourceTree = "<group>";
		};
		4133894026E6717300E43D3B /* Style */ = {
			isa = PBXGroup;
			children = (
				412AA40926E6B55E002248E6 /* CheckboxStyle.swift */,
			);
			path = Style;
			sourceTree = "<group>";
		};
		4133894126E6717900E43D3B /* Extension */ = {
			isa = PBXGroup;
			children = (
				4133894B26E68D3300E43D3B /* HideKeyboardExtension.swift */,
			);
			path = Extension;
			sourceTree = "<group>";
		};
		4133894226E6717F00E43D3B /* Model */ = {
			isa = PBXGroup;
			children = (
				4133892B26E670A100E43D3B /* Persistence.swift */,
				4133892D26E670A100E43D3B /* Devote.xcdatamodeld */,
			);
			path = Model;
			sourceTree = "<group>";
		};
		4133894826E67C4300E43D3B /* Util */ = {
			isa = PBXGroup;
			children = (
				4133894926E67C5E00E43D3B /* Constant.swift */,
			);
			path = Util;
			sourceTree = "<group>";
		};
/* End PBXGroup section */

/* Begin PBXNativeTarget section */
		4133891E26E670A000E43D3B /* Devote */ = {
			isa = PBXNativeTarget;
			buildConfigurationList = 4133893326E670A100E43D3B /* Build configuration list for PBXNativeTarget "Devote" */;
			buildPhases = (
				4133891B26E670A000E43D3B /* Sources */,
				4133891C26E670A000E43D3B /* Frameworks */,
				4133891D26E670A000E43D3B /* Resources */,
			);
			buildRules = (
			);
			dependencies = (
			);
			name = Devote;
			productName = Devote;
			productReference = 4133891F26E670A000E43D3B /* Devote.app */;
			productType = "com.apple.product-type.application";
		};
/* End PBXNativeTarget section */

/* Begin PBXProject section */
		4133891726E670A000E43D3B /* Project object */ = {
			isa = PBXProject;
			attributes = {
				LastSwiftUpdateCheck = 1250;
				LastUpgradeCheck = 1250;
				TargetAttributes = {
					4133891E26E670A000E43D3B = {
						CreatedOnToolsVersion = 12.5.1;
					};
				};
			};
			buildConfigurationList = 4133891A26E670A000E43D3B /* Build configuration list for PBXProject "Devote" */;
			compatibilityVersion = "Xcode 9.3";
			developmentRegion = en;
			hasScannedForEncodings = 0;
			knownRegions = (
				en,
				Base,
			);
			mainGroup = 4133891626E670A000E43D3B;
			productRefGroup = 4133892026E670A000E43D3B /* Products */;
			projectDirPath = "";
			projectRoot = "";
			targets = (
				4133891E26E670A000E43D3B /* Devote */,
			);
		};
/* End PBXProject section */

/* Begin PBXResourcesBuildPhase section */
		4133891D26E670A000E43D3B /* Resources */ = {
			isa = PBXResourcesBuildPhase;
			buildActionMask = 2147483647;
			files = (
				4133893B26E6712700E43D3B /* sound-ding.mp3 in Resources */,
				4133893926E6712700E43D3B /* sound-tap.mp3 in Resources */,
				4133893A26E6712700E43D3B /* sound-rise.mp3 in Resources */,
				4133892A26E670A100E43D3B /* Preview Assets.xcassets in Resources */,
				4133892726E670A100E43D3B /* Assets.xcassets in Resources */,
			);
			runOnlyForDeploymentPostprocessing = 0;
		};
/* End PBXResourcesBuildPhase section */

/* Begin PBXSourcesBuildPhase section */
		4133891B26E670A000E43D3B /* Sources */ = {
			isa = PBXSourcesBuildPhase;
			buildActionMask = 2147483647;
			files = (
				4133892C26E670A100E43D3B /* Persistence.swift in Sources */,
				4133894E26E68F0500E43D3B /* BackgroundImageView.swift in Sources */,
				4133892526E670A000E43D3B /* ContentView.swift in Sources */,
				4133894C26E68D3300E43D3B /* HideKeyboardExtension.swift in Sources */,
				4133895226E6920900E43D3B /* BlankView.swift in Sources */,
				4133894A26E67C5E00E43D3B /* Constant.swift in Sources */,
				412AA40826E6B3C7002248E6 /* ListRowItemView.swift in Sources */,
				4133892F26E670A100E43D3B /* Devote.xcdatamodeld in Sources */,
				4133892326E670A000E43D3B /* DevoteApp.swift in Sources */,
				412AA40A26E6B55E002248E6 /* CheckboxStyle.swift in Sources */,
				4133895026E68FA700E43D3B /* NewTaskItemView.swift in Sources */,
			);
			runOnlyForDeploymentPostprocessing = 0;
		};
/* End PBXSourcesBuildPhase section */

/* Begin XCBuildConfiguration section */
		4133893126E670A100E43D3B /* Debug */ = {
			isa = XCBuildConfiguration;
			buildSettings = {
				ALWAYS_SEARCH_USER_PATHS = NO;
				CLANG_ANALYZER_NONNULL = YES;
				CLANG_ANALYZER_NUMBER_OBJECT_CONVERSION = YES_AGGRESSIVE;
				CLANG_CXX_LANGUAGE_STANDARD = "gnu++14";
				CLANG_CXX_LIBRARY = "libc++";
				CLANG_ENABLE_MODULES = YES;
				CLANG_ENABLE_OBJC_ARC = YES;
				CLANG_ENABLE_OBJC_WEAK = YES;
				CLANG_WARN_BLOCK_CAPTURE_AUTORELEASING = YES;
				CLANG_WARN_BOOL_CONVERSION = YES;
				CLANG_WARN_COMMA = YES;
				CLANG_WARN_CONSTANT_CONVERSION = YES;
				CLANG_WARN_DEPRECATED_OBJC_IMPLEMENTATIONS = YES;
				CLANG_WARN_DIRECT_OBJC_ISA_USAGE = YES_ERROR;
				CLANG_WARN_DOCUMENTATION_COMMENTS = YES;
				CLANG_WARN_EMPTY_BODY = YES;
				CLANG_WARN_ENUM_CONVERSION = YES;
				CLANG_WARN_INFINITE_RECURSION = YES;
				CLANG_WARN_INT_CONVERSION = YES;
				CLANG_WARN_NON_LITERAL_NULL_CONVERSION = YES;
				CLANG_WARN_OBJC_IMPLICIT_RETAIN_SELF = YES;
				CLANG_WARN_OBJC_LITERAL_CONVERSION = YES;
				CLANG_WARN_OBJC_ROOT_CLASS = YES_ERROR;
				CLANG_WARN_QUOTED_INCLUDE_IN_FRAMEWORK_HEADER = YES;
				CLANG_WARN_RANGE_LOOP_ANALYSIS = YES;
				CLANG_WARN_STRICT_PROTOTYPES = YES;
				CLANG_WARN_SUSPICIOUS_MOVE = YES;
				CLANG_WARN_UNGUARDED_AVAILABILITY = YES_AGGRESSIVE;
				CLANG_WARN_UNREACHABLE_CODE = YES;
				CLANG_WARN__DUPLICATE_METHOD_MATCH = YES;
				COPY_PHASE_STRIP = NO;
				DEBUG_INFORMATION_FORMAT = dwarf;
				ENABLE_STRICT_OBJC_MSGSEND = YES;
				ENABLE_TESTABILITY = YES;
				GCC_C_LANGUAGE_STANDARD = gnu11;
				GCC_DYNAMIC_NO_PIC = NO;
				GCC_NO_COMMON_BLOCKS = YES;
				GCC_OPTIMIZATION_LEVEL = 0;
				GCC_PREPROCESSOR_DEFINITIONS = (
					"DEBUG=1",
					"$(inherited)",
				);
				GCC_WARN_64_TO_32_BIT_CONVERSION = YES;
				GCC_WARN_ABOUT_RETURN_TYPE = YES_ERROR;
				GCC_WARN_UNDECLARED_SELECTOR = YES;
				GCC_WARN_UNINITIALIZED_AUTOS = YES_AGGRESSIVE;
				GCC_WARN_UNUSED_FUNCTION = YES;
				GCC_WARN_UNUSED_VARIABLE = YES;
				IPHONEOS_DEPLOYMENT_TARGET = 14.5;
				MTL_ENABLE_DEBUG_INFO = INCLUDE_SOURCE;
				MTL_FAST_MATH = YES;
				ONLY_ACTIVE_ARCH = YES;
				SDKROOT = iphoneos;
				SWIFT_ACTIVE_COMPILATION_CONDITIONS = DEBUG;
				SWIFT_OPTIMIZATION_LEVEL = "-Onone";
			};
			name = Debug;
		};
		4133893226E670A100E43D3B /* Release */ = {
			isa = XCBuildConfiguration;
			buildSettings = {
				ALWAYS_SEARCH_USER_PATHS = NO;
				CLANG_ANALYZER_NONNULL = YES;
				CLANG_ANALYZER_NUMBER_OBJECT_CONVERSION = YES_AGGRESSIVE;
				CLANG_CXX_LANGUAGE_STANDARD = "gnu++14";
				CLANG_CXX_LIBRARY = "libc++";
				CLANG_ENABLE_MODULES = YES;
				CLANG_ENABLE_OBJC_ARC = YES;
				CLANG_ENABLE_OBJC_WEAK = YES;
				CLANG_WARN_BLOCK_CAPTURE_AUTORELEASING = YES;
				CLANG_WARN_BOOL_CONVERSION = YES;
				CLANG_WARN_COMMA = YES;
				CLANG_WARN_CONSTANT_CONVERSION = YES;
				CLANG_WARN_DEPRECATED_OBJC_IMPLEMENTATIONS = YES;
				CLANG_WARN_DIRECT_OBJC_ISA_USAGE = YES_ERROR;
				CLANG_WARN_DOCUMENTATION_COMMENTS = YES;
				CLANG_WARN_EMPTY_BODY = YES;
				CLANG_WARN_ENUM_CONVERSION = YES;
				CLANG_WARN_INFINITE_RECURSION = YES;
				CLANG_WARN_INT_CONVERSION = YES;
				CLANG_WARN_NON_LITERAL_NULL_CONVERSION = YES;
				CLANG_WARN_OBJC_IMPLICIT_RETAIN_SELF = YES;
				CLANG_WARN_OBJC_LITERAL_CONVERSION = YES;
				CLANG_WARN_OBJC_ROOT_CLASS = YES_ERROR;
				CLANG_WARN_QUOTED_INCLUDE_IN_FRAMEWORK_HEADER = YES;
				CLANG_WARN_RANGE_LOOP_ANALYSIS = YES;
				CLANG_WARN_STRICT_PROTOTYPES = YES;
				CLANG_WARN_SUSPICIOUS_MOVE = YES;
				CLANG_WARN_UNGUARDED_AVAILABILITY = YES_AGGRESSIVE;
				CLANG_WARN_UNREACHABLE_CODE = YES;
				CLANG_WARN__DUPLICATE_METHOD_MATCH = YES;
				COPY_PHASE_STRIP = NO;
				DEBUG_INFORMATION_FORMAT = "dwarf-with-dsym";
				ENABLE_NS_ASSERTIONS = NO;
				ENABLE_STRICT_OBJC_MSGSEND = YES;
				GCC_C_LANGUAGE_STANDARD = gnu11;
				GCC_NO_COMMON_BLOCKS = YES;
				GCC_WARN_64_TO_32_BIT_CONVERSION = YES;
				GCC_WARN_ABOUT_RETURN_TYPE = YES_ERROR;
				GCC_WARN_UNDECLARED_SELECTOR = YES;
				GCC_WARN_UNINITIALIZED_AUTOS = YES_AGGRESSIVE;
				GCC_WARN_UNUSED_FUNCTION = YES;
				GCC_WARN_UNUSED_VARIABLE = YES;
				IPHONEOS_DEPLOYMENT_TARGET = 14.5;
				MTL_ENABLE_DEBUG_INFO = NO;
				MTL_FAST_MATH = YES;
				SDKROOT = iphoneos;
				SWIFT_COMPILATION_MODE = wholemodule;
				SWIFT_OPTIMIZATION_LEVEL = "-O";
				VALIDATE_PRODUCT = YES;
			};
			name = Release;
		};
		4133893426E670A100E43D3B /* Debug */ = {
			isa = XCBuildConfiguration;
			buildSettings = {
				ASSETCATALOG_COMPILER_APPICON_NAME = AppIcon;
				ASSETCATALOG_COMPILER_GLOBAL_ACCENT_COLOR_NAME = AccentColor;
				CODE_SIGN_STYLE = Automatic;
				DEVELOPMENT_ASSET_PATHS = "\"Devote/Preview Content\"";
				DEVELOPMENT_TEAM = DRGBH45X55;
				ENABLE_PREVIEWS = YES;
				INFOPLIST_FILE = Devote/Info.plist;
				IPHONEOS_DEPLOYMENT_TARGET = 14.0;
				LD_RUNPATH_SEARCH_PATHS = (
					"$(inherited)",
					"@executable_path/Frameworks",
				);
				PRODUCT_BUNDLE_IDENTIFIER = com.gustavosilva.Devote;
				PRODUCT_NAME = "$(TARGET_NAME)";
				SWIFT_VERSION = 5.0;
				TARGETED_DEVICE_FAMILY = "1,2";
			};
			name = Debug;
		};
		4133893526E670A100E43D3B /* Release */ = {
			isa = XCBuildConfiguration;
			buildSettings = {
				ASSETCATALOG_COMPILER_APPICON_NAME = AppIcon;
				ASSETCATALOG_COMPILER_GLOBAL_ACCENT_COLOR_NAME = AccentColor;
				CODE_SIGN_STYLE = Automatic;
				DEVELOPMENT_ASSET_PATHS = "\"Devote/Preview Content\"";
				DEVELOPMENT_TEAM = DRGBH45X55;
				ENABLE_PREVIEWS = YES;
				INFOPLIST_FILE = Devote/Info.plist;
				IPHONEOS_DEPLOYMENT_TARGET = 14.0;
				LD_RUNPATH_SEARCH_PATHS = (
					"$(inherited)",
					"@executable_path/Frameworks",
				);
				PRODUCT_BUNDLE_IDENTIFIER = com.gustavosilva.Devote;
				PRODUCT_NAME = "$(TARGET_NAME)";
				SWIFT_VERSION = 5.0;
				TARGETED_DEVICE_FAMILY = "1,2";
			};
			name = Release;
		};
/* End XCBuildConfiguration section */

/* Begin XCConfigurationList section */
		4133891A26E670A000E43D3B /* Build configuration list for PBXProject "Devote" */ = {
			isa = XCConfigurationList;
			buildConfigurations = (
				4133893126E670A100E43D3B /* Debug */,
				4133893226E670A100E43D3B /* Release */,
			);
			defaultConfigurationIsVisible = 0;
			defaultConfigurationName = Release;
		};
		4133893326E670A100E43D3B /* Build configuration list for PBXNativeTarget "Devote" */ = {
			isa = XCConfigurationList;
			buildConfigurations = (
				4133893426E670A100E43D3B /* Debug */,
				4133893526E670A100E43D3B /* Release */,
			);
			defaultConfigurationIsVisible = 0;
			defaultConfigurationName = Release;
		};
/* End XCConfigurationList section */

/* Begin XCVersionGroup section */
		4133892D26E670A100E43D3B /* Devote.xcdatamodeld */ = {
			isa = XCVersionGroup;
			children = (
				4133892E26E670A100E43D3B /* Devote.xcdatamodel */,
			);
			currentVersion = 4133892E26E670A100E43D3B /* Devote.xcdatamodel */;
			path = Devote.xcdatamodeld;
			sourceTree = "<group>";
			versionGroupType = wrapper.xcdatamodel;
		};
/* End XCVersionGroup section */
	};
	rootObject = 4133891726E670A000E43D3B /* Project object */;
}
